
Microsoft Visual Studio Solution File, Format Version 12.00
# Visual Studio Version 17
VisualStudioVersion = 17.14.36616.10 d17.14
MinimumVisualStudioVersion = 10.0.40219.1
Project("{2150E333-8FDC-42A3-9474-1A3956D46DE8}") = "Core", "Core", "{02EA681E-C7D8-13C7-8484-4AC65E1B71E8}"
EndProject
Project("{2150E333-8FDC-42A3-9474-1A3956D46DE8}") = "Infrastructure", "Infrastructure", "{786B76C5-B65F-4ADB-80AC-AC462E6CEEC7}"
EndProject
Project("{2150E333-8FDC-42A3-9474-1A3956D46DE8}") = "Presentation", "Presentation", "{9059F274-7C39-46F2-A6D8-189DE64B573C}"
EndProject
Project("{FAE04EC0-301F-11D3-BF4B-00C04F79EFBC}") = "OtoCare.Domain", "OtoCare.Domain\OtoCare.Domain.csproj", "{BC80F63B-5525-4FC7-A7C0-87A29DC88D31}"
EndProject
Project("{FAE04EC0-301F-11D3-BF4B-00C04F79EFBC}") = "OtoCare.Application", "OtoCare.Application\OtoCare.Application.csproj", "{4AF488F3-FEEE-40E8-BC22-4A8DB8EF5C3D}"
EndProject
Project("{FAE04EC0-301F-11D3-BF4B-00C04F79EFBC}") = "OtoCare.Persistence", "OtoCare.Persistence\OtoCare.Persistence.csproj", "{5F10C1B2-A1D2-4CE2-8C33-F93844A54BDF}"
EndProject
Project("{FAE04EC0-301F-11D3-BF4B-00C04F79EFBC}") = "OtoCare.Infrastructure", "OtoCare.Infrastructure\OtoCare.Infrastructure.csproj", "{56608236-DB13-4F4A-8695-103CAE764E80}"
EndProject
Project("{FAE04EC0-301F-11D3-BF4B-00C04F79EFBC}") = "OtoCare.Api", "Presentation\OtoCare.Api\OtoCare.Api.csproj", "{3EEEE8FB-1A2B-449B-B84B-06BDBDA5BCDA}"
EndProject
Global
	GlobalSection(SolutionConfigurationPlatforms) = preSolution
		Debug|Any CPU = Debug|Any CPU
		Release|Any CPU = Release|Any CPU
	EndGlobalSection
	GlobalSection(ProjectConfigurationPlatforms) = postSolution
		{BC80F63B-5525-4FC7-A7C0-87A29DC88D31}.Debug|Any CPU.ActiveCfg = Debug|Any CPU
		{BC80F63B-5525-4FC7-A7C0-87A29DC88D31}.Debug|Any CPU.Build.0 = Debug|Any CPU
		{BC80F63B-5525-4FC7-A7C0-87A29DC88D31}.Release|Any CPU.ActiveCfg = Release|Any CPU
		{BC80F63B-5525-4FC7-A7C0-87A29DC88D31}.Release|Any CPU.Build.0 = Release|Any CPU
		{4AF488F3-FEEE-40E8-BC22-4A8DB8EF5C3D}.Debug|Any CPU.ActiveCfg = Debug|Any CPU
		{4AF488F3-FEEE-40E8-BC22-4A8DB8EF5C3D}.Debug|Any CPU.Build.0 = Debug|Any CPU
		{4AF488F3-FEEE-40E8-BC22-4A8DB8EF5C3D}.Release|Any CPU.ActiveCfg = Release|Any CPU
		{4AF488F3-FEEE-40E8-BC22-4A8DB8EF5C3D}.Release|Any CPU.Build.0 = Release|Any CPU
		{5F10C1B2-A1D2-4CE2-8C33-F93844A54BDF}.Debug|Any CPU.ActiveCfg = Debug|Any CPU
		{5F10C1B2-A1D2-4CE2-8C33-F93844A54BDF}.Debug|Any CPU.Build.0 = Debug|Any CPU
		{5F10C1B2-A1D2-4CE2-8C33-F93844A54BDF}.Release|Any CPU.ActiveCfg = Release|Any CPU
		{5F10C1B2-A1D2-4CE2-8C33-F93844A54BDF}.Release|Any CPU.Build.0 = Release|Any CPU
		{56608236-DB13-4F4A-8695-103CAE764E80}.Debug|Any CPU.ActiveCfg = Debug|Any CPU
		{56608236-DB13-4F4A-8695-103CAE764E80}.Debug|Any CPU.Build.0 = Debug|Any CPU
		{56608236-DB13-4F4A-8695-103CAE764E80}.Release|Any CPU.ActiveCfg = Release|Any CPU
		{56608236-DB13-4F4A-8695-103CAE764E80}.Release|Any CPU.Build.0 = Release|Any CPU
		{3EEEE8FB-1A2B-449B-B84B-06BDBDA5BCDA}.Debug|Any CPU.ActiveCfg = Debug|Any CPU
		{3EEEE8FB-1A2B-449B-B84B-06BDBDA5BCDA}.Debug|Any CPU.Build.0 = Debug|Any CPU
		{3EEEE8FB-1A2B-449B-B84B-06BDBDA5BCDA}.Release|Any CPU.ActiveCfg = Release|Any CPU
		{3EEEE8FB-1A2B-449B-B84B-06BDBDA5BCDA}.Release|Any CPU.Build.0 = Release|Any CPU
	EndGlobalSection
	GlobalSection(SolutionProperties) = preSolution
		HideSolutionNode = FALSE
	EndGlobalSection
	GlobalSection(NestedProjects) = preSolution
		{BC80F63B-5525-4FC7-A7C0-87A29DC88D31} = {02EA681E-C7D8-13C7-8484-4AC65E1B71E8}
		{4AF488F3-FEEE-40E8-BC22-4A8DB8EF5C3D} = {02EA681E-C7D8-13C7-8484-4AC65E1B71E8}
		{5F10C1B2-A1D2-4CE2-8C33-F93844A54BDF} = {786B76C5-B65F-4ADB-80AC-AC462E6CEEC7}
		{56608236-DB13-4F4A-8695-103CAE764E80} = {786B76C5-B65F-4ADB-80AC-AC462E6CEEC7}
		{3EEEE8FB-1A2B-449B-B84B-06BDBDA5BCDA} = {9059F274-7C39-46F2-A6D8-189DE64B573C}
	EndGlobalSection
	GlobalSection(ExtensibilityGlobals) = postSolution
		SolutionGuid = {0BA9A4EE-70AE-4D30-94EB-D8F159B90062}
	EndGlobalSection
EndGlobal
